
Microsoft Visual Studio Solution File, Format Version 12.00
Project("{FAE04EC0-301F-11D3-BF4B-00C04F79EFBC}") = "conversion_dotnet-7", "conversion_dotnet-7\conversion_dotnet-7.csproj", "{2B3C6644-B88E-4584-9559-C0EB3633BFA1}"
EndProject
Global
	GlobalSection(SolutionConfigurationPlatforms) = preSolution
		Debug|Any CPU = Debug|Any CPU
		Release|Any CPU = Release|Any CPU
	EndGlobalSection
	GlobalSection(ProjectConfigurationPlatforms) = postSolution
		{2B3C6644-B88E-4584-9559-C0EB3633BFA1}.Debug|Any CPU.ActiveCfg = Debug|Any CPU
		{2B3C6644-B88E-4584-9559-C0EB3633BFA1}.Debug|Any CPU.Build.0 = Debug|Any CPU
		{2B3C6644-B88E-4584-9559-C0EB3633BFA1}.Release|Any CPU.ActiveCfg = Release|Any CPU
		{2B3C6644-B88E-4584-9559-C0EB3633BFA1}.Release|Any CPU.Build.0 = Release|Any CPU
	EndGlobalSection
EndGlobal
